
Microsoft Visual Studio Solution File, Format Version 12.00
# Visual Studio Version 16
VisualStudioVersion = 16.0.32802.440
MinimumVisualStudioVersion = 10.0.40219.1
Project("{FAE04EC0-301F-11D3-BF4B-00C04F79EFBC}") = "TrainerTyrant", "TrainerTyrant\TrainerTyrant.csproj", "{CD9BABE9-948B-4020-92D6-01B68D0F9FE6}"
EndProject
Project("{9A19103F-16F7-4668-BE54-9A1E7A4F7556}") = "TrainerTyrantTest", "TrainerTyrantTest\TrainerTyrantTest.csproj", "{1E62DC0F-EBE6-4569-B53B-03ACC8B16504}"
EndProject
Project("{FAE04EC0-301F-11D3-BF4B-00C04F79EFBC}") = "TrainerTyrantForm", "TrainerTyrantForm\TrainerTyrantForm.csproj", "{31E2F7FC-0707-415F-BA44-F0D9A3203505}"
	ProjectSection(ProjectDependencies) = postProject
		{CD9BABE9-948B-4020-92D6-01B68D0F9FE6} = {CD9BABE9-948B-4020-92D6-01B68D0F9FE6}
	EndProjectSection
EndProject
Global
	GlobalSection(SolutionConfigurationPlatforms) = preSolution
		Debug|Any CPU = Debug|Any CPU
		Release|Any CPU = Release|Any CPU
	EndGlobalSection
	GlobalSection(ProjectConfigurationPlatforms) = postSolution
		{CD9BABE9-948B-4020-92D6-01B68D0F9FE6}.Debug|Any CPU.ActiveCfg = Debug|Any CPU
		{CD9BABE9-948B-4020-92D6-01B68D0F9FE6}.Debug|Any CPU.Build.0 = Debug|Any CPU
		{CD9BABE9-948B-4020-92D6-01B68D0F9FE6}.Release|Any CPU.ActiveCfg = Release|Any CPU
		{CD9BABE9-948B-4020-92D6-01B68D0F9FE6}.Release|Any CPU.Build.0 = Release|Any CPU
		{1E62DC0F-EBE6-4569-B53B-03ACC8B16504}.Debug|Any CPU.ActiveCfg = Debug|Any CPU
		{1E62DC0F-EBE6-4569-B53B-03ACC8B16504}.Debug|Any CPU.Build.0 = Debug|Any CPU
		{1E62DC0F-EBE6-4569-B53B-03ACC8B16504}.Release|Any CPU.ActiveCfg = Release|Any CPU
		{1E62DC0F-EBE6-4569-B53B-03ACC8B16504}.Release|Any CPU.Build.0 = Release|Any CPU
		{31E2F7FC-0707-415F-BA44-F0D9A3203505}.Debug|Any CPU.ActiveCfg = Debug|Any CPU
		{31E2F7FC-0707-415F-BA44-F0D9A3203505}.Debug|Any CPU.Build.0 = Debug|Any CPU
		{31E2F7FC-0707-415F-BA44-F0D9A3203505}.Release|Any CPU.ActiveCfg = Release|Any CPU
		{31E2F7FC-0707-415F-BA44-F0D9A3203505}.Release|Any CPU.Build.0 = Release|Any CPU
	EndGlobalSection
	GlobalSection(SolutionProperties) = preSolution
		HideSolutionNode = FALSE
	EndGlobalSection
	GlobalSection(ExtensibilityGlobals) = postSolution
		SolutionGuid = {5D38897F-AF35-49C7-848B-02BB15F16BD2}
	EndGlobalSection
EndGlobal
